{
  "name": "toolbox-starter-node-cli",
  "version": "0.1.0",
  "lockfileVersion": 3,
  "requires": true,
  "packages": {
    "": {
      "name": "toolbox-starter-node-cli",
      "version": "0.1.0",
      "license": "MIT",
      "bin": {
        "toolbox-starter-node-cli": "dist/index.js"
      },
      "engines": {
        "node": ">=20"
      }
    }
  }
}
